
Microsoft Visual Studio Solution File, Format Version 11.00
# Visual Studio 2010
# SharpDevelop 4.4
Project("{FD48973F-F585-4F70-812B-4D0503B36CE9}") = "prog 152A", "prog 152A\prog 152A.pyproj", "{B508C240-01D9-460D-B914-81F4FCA8AF03}"
EndProject
Global
	GlobalSection(SolutionConfigurationPlatforms) = preSolution
		Debug|Any CPU = Debug|Any CPU
		Release|Any CPU = Release|Any CPU
	EndGlobalSection
	GlobalSection(ProjectConfigurationPlatforms) = postSolution
		{B508C240-01D9-460D-B914-81F4FCA8AF03}.Debug|Any CPU.Build.0 = Debug|Any CPU
		{B508C240-01D9-460D-B914-81F4FCA8AF03}.Debug|Any CPU.ActiveCfg = Debug|Any CPU
		{B508C240-01D9-460D-B914-81F4FCA8AF03}.Release|Any CPU.Build.0 = Release|Any CPU
		{B508C240-01D9-460D-B914-81F4FCA8AF03}.Release|Any CPU.ActiveCfg = Release|Any CPU
	EndGlobalSection
EndGlobal
