
Microsoft Visual Studio Solution File, Format Version 11.00
# Visual Studio 2010
# SharpDevelop 4.4
Project("{FD48973F-F585-4F70-812B-4D0503B36CE9}") = "prog 152a", "prog 152a\prog 152a.pyproj", "{00C8EB09-306B-4F9B-ADE6-5D9894FB0A67}"
EndProject
Global
	GlobalSection(SolutionConfigurationPlatforms) = preSolution
		Debug|Any CPU = Debug|Any CPU
		Release|Any CPU = Release|Any CPU
	EndGlobalSection
	GlobalSection(ProjectConfigurationPlatforms) = postSolution
		{00C8EB09-306B-4F9B-ADE6-5D9894FB0A67}.Debug|Any CPU.Build.0 = Debug|Any CPU
		{00C8EB09-306B-4F9B-ADE6-5D9894FB0A67}.Debug|Any CPU.ActiveCfg = Debug|Any CPU
		{00C8EB09-306B-4F9B-ADE6-5D9894FB0A67}.Release|Any CPU.Build.0 = Release|Any CPU
		{00C8EB09-306B-4F9B-ADE6-5D9894FB0A67}.Release|Any CPU.ActiveCfg = Release|Any CPU
	EndGlobalSection
EndGlobal
