
Microsoft Visual Studio Solution File, Format Version 11.00
# Visual Studio 2010
# SharpDevelop 4.4
Project("{FD48973F-F585-4F70-812B-4D0503B36CE9}") = "LP4-2", "LP4-2\LP4-2.pyproj", "{F9EBCF2D-7BA2-4A1B-A3CC-8F0807312422}"
EndProject
Global
	GlobalSection(SolutionConfigurationPlatforms) = preSolution
		Debug|Any CPU = Debug|Any CPU
		Release|Any CPU = Release|Any CPU
	EndGlobalSection
	GlobalSection(ProjectConfigurationPlatforms) = postSolution
		{F9EBCF2D-7BA2-4A1B-A3CC-8F0807312422}.Debug|Any CPU.Build.0 = Debug|Any CPU
		{F9EBCF2D-7BA2-4A1B-A3CC-8F0807312422}.Debug|Any CPU.ActiveCfg = Debug|Any CPU
		{F9EBCF2D-7BA2-4A1B-A3CC-8F0807312422}.Release|Any CPU.Build.0 = Release|Any CPU
		{F9EBCF2D-7BA2-4A1B-A3CC-8F0807312422}.Release|Any CPU.ActiveCfg = Release|Any CPU
	EndGlobalSection
EndGlobal
